
Microsoft Visual Studio Solution File, Format Version 12.00
# Visual Studio Version 17
VisualStudioVersion = 17.14.36310.24
MinimumVisualStudioVersion = 10.0.40219.1
Project("{FAE04EC0-301F-11D3-BF4B-00C04F79EFBC}") = "PI_2025_IIP_IIIP_PROYECTOFINALTALLER", "PI_2025_IIP_IIIP_PROYECTOFINALTALLER\PI_2025_IIP_IIIP_PROYECTOFINALTALLER.csproj", "{D52B4819-3D4C-48B6-9CCE-C84B04F4FEC2}"
EndProject
Global
	GlobalSection(SolutionConfigurationPlatforms) = preSolution
		Debug|Any CPU = Debug|Any CPU
		Release|Any CPU = Release|Any CPU
	EndGlobalSection
	GlobalSection(ProjectConfigurationPlatforms) = postSolution
		{D52B4819-3D4C-48B6-9CCE-C84B04F4FEC2}.Debug|Any CPU.ActiveCfg = Debug|Any CPU
		{D52B4819-3D4C-48B6-9CCE-C84B04F4FEC2}.Debug|Any CPU.Build.0 = Debug|Any CPU
		{D52B4819-3D4C-48B6-9CCE-C84B04F4FEC2}.Release|Any CPU.ActiveCfg = Release|Any CPU
		{D52B4819-3D4C-48B6-9CCE-C84B04F4FEC2}.Release|Any CPU.Build.0 = Release|Any CPU
	EndGlobalSection
	GlobalSection(SolutionProperties) = preSolution
		HideSolutionNode = FALSE
	EndGlobalSection
	GlobalSection(ExtensibilityGlobals) = postSolution
		SolutionGuid = {0A06445C-C685-4F5F-ACB8-9CF78145DC02}
	EndGlobalSection
EndGlobal
